Microsoft Visual Studio Solution File, Format Version 12.00
# Visual Studio Version 16
VisualStudioVersion = 16.0.28803.452
MinimumVisualStudioVersion = 10.0.40219.1
Project("{2150E333-8FDC-42A3-9474-1A3956D46DE8}") = "1 - Core", "1 - Core", "{D68FE277-30F1-45E2-8534-5F261F7DAFA4}"
EndProject
Project("{2150E333-8FDC-42A3-9474-1A3956D46DE8}") = "4 - Domain", "4 - Domain", "{B60BFFFC-7A8B-4243-82BF-820598A88A74}"
EndProject
Project("{2150E333-8FDC-42A3-9474-1A3956D46DE8}") = "3 - Application", "3 - Application", "{28B11311-26E4-40EF-8CDF-42DBF9DC4653}"
EndProject
Project("{2150E333-8FDC-42A3-9474-1A3956D46DE8}") = "2 - Service", "2 - Service", "{39228BB5-7710-4CE9-9FAC-E6DD58B621ED}"
EndProject
Project("{2150E333-8FDC-42A3-9474-1A3956D46DE8}") = "5 - Infra", "5 - Infra", "{E62A6B3F-C2D6-431B-8B7F-3DEF18D391E6}"
EndProject
Project("{2150E333-8FDC-42A3-9474-1A3956D46DE8}") = "1 - Presentation", "1 - Presentation", "{0C9A9EDB-CEE4-4F6A-876F-C97BB3CFF849}"
EndProject
Project("{2150E333-8FDC-42A3-9474-1A3956D46DE8}") = "5.1 - CrossCutting", "5.1 - CrossCutting", "{E42CB6D2-417C-442A-96F9-DFDF3A5F6455}"
EndProject
Project("{9A19103F-16F7-4668-BE54-9A1E7A4F7556}") = "MCB.Core.Infra.CrossCutting.ExtensionMethods", "src\Core\MCB.Core.Infra.CrossCutting.ExtensionMethods\MCB.Core.Infra.CrossCutting.ExtensionMethods.csproj", "{87306B51-93E4-45D7-BF4D-954C1618DD81}"
EndProject
Project("{2150E333-8FDC-42A3-9474-1A3956D46DE8}") = "ExtensionMethods", "ExtensionMethods", "{3AE62ADD-5DFF-4668-A831-C56958E72C58}"
EndProject
Project("{2150E333-8FDC-42A3-9474-1A3956D46DE8}") = "Tests", "Tests", "{565236FC-4225-4913-938A-917E740C3483}"
EndProject
Project("{9A19103F-16F7-4668-BE54-9A1E7A4F7556}") = "MCB.Core.Infra.CrossCutting.Tests", "tst\Core\MCB.Core.Infra.CrossCutting.Tests\MCB.Core.Infra.CrossCutting.Tests.csproj", "{85413CAB-078F-446E-AF38-2F2951D91E97}"
EndProject
Project("{9A19103F-16F7-4668-BE54-9A1E7A4F7556}") = "MCB.Core.Infra.CrossCutting.ExtensionMethods.Tests", "tst\Core\MCB.Core.Infra.CrossCutting.ExtensionMethods.Tests\MCB.Core.Infra.CrossCutting.ExtensionMethods.Tests.csproj", "{A3CC8F83-48A0-4FA4-A604-DB009C14B1A5}"
EndProject
Project("{2150E333-8FDC-42A3-9474-1A3956D46DE8}") = "Cache", "Cache", "{B9E514C8-0119-463D-B629-9A7F9BC0D8F3}"
EndProject
Project("{9A19103F-16F7-4668-BE54-9A1E7A4F7556}") = "MCB.Core.Infra.CrossCutting.Cache", "src\Core\MCB.Core.Infra.CrossCutting.Cache\MCB.Core.Infra.CrossCutting.Cache.csproj", "{C21B0A62-39B5-44CE-9609-C092682C12EB}"
EndProject
Project("{9A19103F-16F7-4668-BE54-9A1E7A4F7556}") = "MCB.Core.Infra.CrossCutting.Cache.InMemory", "src\Core\MCB.Core.Infra.CrossCutting.Cache.InMemory\MCB.Core.Infra.CrossCutting.Cache.InMemory.csproj", "{3D48EA03-DAB7-4BCF-BAAC-DD5AEF8E6E57}"
EndProject
Project("{9A19103F-16F7-4668-BE54-9A1E7A4F7556}") = "MCB.Core.Infra.CrossCutting.Cache.InMemory.Tests", "tst\Core\MCB.Core.Infra.CrossCutting.Cache.InMemory.Tests\MCB.Core.Infra.CrossCutting.Cache.InMemory.Tests.csproj", "{73C5E61D-2250-4B40-B4B8-9614734B24EA}"
EndProject
Project("{2150E333-8FDC-42A3-9474-1A3956D46DE8}") = "Globalization", "Globalization", "{1B759B45-3910-4C4D-A00B-43EE81F13F43}"
EndProject
Project("{9A19103F-16F7-4668-BE54-9A1E7A4F7556}") = "MCB.Core.Infra.CrossCutting.Globalization", "src\Core\MCB.Core.Infra.CrossCutting.Globalization\MCB.Core.Infra.CrossCutting.Globalization.csproj", "{16DAA9A8-9EEE-41E2-9DB6-4449D70E79BD}"
EndProject
Project("{2150E333-8FDC-42A3-9474-1A3956D46DE8}") = "Patterns", "Patterns", "{16533AFE-E5AF-45C5-8D04-97443AD8036B}"
EndProject
Project("{9A19103F-16F7-4668-BE54-9A1E7A4F7556}") = "MCB.Core.Infra.CrossCutting.Patterns", "src\Core\MCB.Core.Infra.CrossCutting.Patterns\MCB.Core.Infra.CrossCutting.Patterns.csproj", "{2D1A80E4-3622-4CE8-A829-BFDABD788287}"
EndProject
Project("{9A19103F-16F7-4668-BE54-9A1E7A4F7556}") = "MCB.Core.Infra.CrossCutting.Patterns.Tests", "tst\Core\MCB.Core.Infra.CrossCutting.Patterns.Tests\MCB.Core.Infra.CrossCutting.Patterns.Tests.csproj", "{2D91AC89-31EF-48BD-9C34-84DA8A1C9C05}"
EndProject
Project("{2150E333-8FDC-42A3-9474-1A3956D46DE8}") = "Queue", "Queue", "{E3E26800-D4C6-4F2E-AA42-A969462A929D}"
EndProject
Project("{9A19103F-16F7-4668-BE54-9A1E7A4F7556}") = "MCB.Core.Infra.CrossCutting.Globalization.Tests", "tst\Core\MCB.Core.Infra.CrossCutting.Globalization.Tests\MCB.Core.Infra.CrossCutting.Globalization.Tests.csproj", "{8E552672-6D1B-4EFF-A15E-2C9EB41DA447}"
EndProject
Project("{9A19103F-16F7-4668-BE54-9A1E7A4F7556}") = "MCB.Core.Infra.CrossCutting.Queue", "src\Core\MCB.Core.Infra.CrossCutting.Queue\MCB.Core.Infra.CrossCutting.Queue.csproj", "{6D46B2F6-065B-4BBA-9796-021E1DDED0ED}"
EndProject
Project("{9A19103F-16F7-4668-BE54-9A1E7A4F7556}") = "MCB.Core.Infra.CrossCutting.Queue.InMemory", "src\Core\MCB.Core.Infra.CrossCutting.Queue.InMemory\MCB.Core.Infra.CrossCutting.Queue.InMemory.csproj", "{91EE627E-E799-43CA-9B91-3A743382DB67}"
EndProject
Project("{9A19103F-16F7-4668-BE54-9A1E7A4F7556}") = "MCB.Core.Infra.CrossCutting.Queue.RabbitMQ", "src\Core\MCB.Core.Infra.CrossCutting.Queue.RabbitMQ\MCB.Core.Infra.CrossCutting.Queue.RabbitMQ.csproj", "{77A12BB9-D86B-4DF0-B730-2F975D751A29}"
EndProject
Project("{9A19103F-16F7-4668-BE54-9A1E7A4F7556}") = "MCB.Core.Infra.CrossCutting.Queue.InMemory.Tests", "tst\Core\MCB.Core.Infra.CrossCutting.Queue.InMemory.Tests\MCB.Core.Infra.CrossCutting.Queue.InMemory.Tests.csproj", "{447D943A-F933-4D2E-BF17-F319726574E7}"
EndProject
Project("{9A19103F-16F7-4668-BE54-9A1E7A4F7556}") = "MCB.Core.Infra.CrossCutting.Queue.RabbitMQ.Tests", "tst\Core\MCB.Core.Infra.CrossCutting.Queue.RabbitMQ.Tests\MCB.Core.Infra.CrossCutting.Queue.RabbitMQ.Tests.csproj", "{78C1F7B6-C94B-4E88-9AA7-3797D087668B}"
EndProject
Project("{2150E333-8FDC-42A3-9474-1A3956D46DE8}") = "Security", "Security", "{09ED8E5D-38BD-4ECB-9628-1EE695F654AF}"
EndProject
Project("{9A19103F-16F7-4668-BE54-9A1E7A4F7556}") = "MCB.Core.Infra.CrossCutting.Security", "src\Core\MCB.Core.Infra.CrossCutting.Security\MCB.Core.Infra.CrossCutting.Security.csproj", "{49080845-0BCD-4698-A815-73BCE093DABF}"
EndProject
Project("{9A19103F-16F7-4668-BE54-9A1E7A4F7556}") = "MCB.Core.Infra.CrossCutting.Security.Tests", "tst\Core\MCB.Core.Infra.CrossCutting.Security.Tests\MCB.Core.Infra.CrossCutting.Security.Tests.csproj", "{48D4C394-BC3B-45D1-B056-0EE0CEE5C841}"
EndProject
Project("{2150E333-8FDC-42A3-9474-1A3956D46DE8}") = "5.2 - Data", "5.2 - Data", "{8FB6B087-834C-4509-B4AB-128F719D9F40}"
EndProject
Project("{9A19103F-16F7-4668-BE54-9A1E7A4F7556}") = "MCB.Core.Domain", "src\Core\MCB.Core.Domain\MCB.Core.Domain.csproj", "{6979A825-1C45-4980-9834-5BD027C027DB}"
EndProject
Project("{9A19103F-16F7-4668-BE54-9A1E7A4F7556}") = "MCB.Core.Infra.Data", "src\Core\MCB.Core.Infra.Data\MCB.Core.Infra.Data.csproj", "{34F970DE-99F1-4C4A-8B9E-696228716250}"
EndProject
Project("{9A19103F-16F7-4668-BE54-9A1E7A4F7556}") = "MCB.Core.Infra.Data.EFCore", "src\Core\MCB.Core.Infra.Data.EFCore\MCB.Core.Infra.Data.EFCore.csproj", "{166BFA5E-E06D-4031-84E5-E99C96F07DC4}"
EndProject
Project("{9A19103F-16F7-4668-BE54-9A1E7A4F7556}") = "MCB.Core.Infra.Data.EFCore.Postgres", "src\Core\MCB.Core.Infra.Data.EFCore.Postgres\MCB.Core.Infra.Data.EFCore.Postgres.csproj", "{CC4F2EC2-BC1B-44D3-9AAD-53EBBF7B68E6}"
EndProject
Project("{2150E333-8FDC-42A3-9474-1A3956D46DE8}") = "Utils", "Utils", "{6D4C1050-608B-4855-A6D1-BFA8805390CA}"
EndProject
Project("{9A19103F-16F7-4668-BE54-9A1E7A4F7556}") = "MCB.Core.Infra.CrossCutting.Utils", "src\Core\MCB.Core.Infra.CrossCutting.Utils\MCB.Core.Infra.CrossCutting.Utils.csproj", "{A7B8FEF4-4E0D-4294-9624-3657DB554ACD}"
EndProject
Project("{9A19103F-16F7-4668-BE54-9A1E7A4F7556}") = "MCB.Core.Infra.Data.EFCore.Postgres.Tests", "tst\Core\MCB.Core.Infra.Data.EFCore.Postgres.Tests\MCB.Core.Infra.Data.EFCore.Postgres.Tests.csproj", "{11AAF977-B0B1-41F8-AC0F-A65F2E1D1F70}"
EndProject
Project("{9A19103F-16F7-4668-BE54-9A1E7A4F7556}") = "MCB.Core.Infra.Data.EFCore.InMemory", "src\Core\MCB.Core.Infra.Data.EFCore.InMemory\MCB.Core.Infra.Data.EFCore.InMemory.csproj", "{4B4ED73B-C1C1-437A-80AE-7A7D25DFD727}"
EndProject
Project("{9A19103F-16F7-4668-BE54-9A1E7A4F7556}") = "MCB.Core.Infra.Data.EFCore.InMemory.Tests", "tst\Core\MCB.Core.Infra.Data.EFCore.InMemory.Tests\MCB.Core.Infra.Data.EFCore.InMemory.Tests.csproj", "{A20AAD27-864A-4BE8-83A7-D7F4449C058F}"
EndProject
Project("{9A19103F-16F7-4668-BE54-9A1E7A4F7556}") = "MCB.Core.Infra.Data.Mongo", "src\Core\MCB.Core.Infra.Data.Mongo\MCB.Core.Infra.Data.Mongo.csproj", "{FC1B4789-6D5A-454B-86B4-DBBC5B4AC74B}"
EndProject
Project("{9A19103F-16F7-4668-BE54-9A1E7A4F7556}") = "MCB.Core.Infra.Data.Mongo.Tests", "tst\Core\MCB.Core.Infra.Data.Mongo.Tests\MCB.Core.Infra.Data.Mongo.Tests.csproj", "{1C62DEC4-BF19-4E67-BE45-48628F5779CF}"
EndProject
Project("{9A19103F-16F7-4668-BE54-9A1E7A4F7556}") = "MCB.Core.Infra.CrossCutting.Cache.Redis", "src\Core\MCB.Core.Infra.CrossCutting.Cache.Redis\MCB.Core.Infra.CrossCutting.Cache.Redis.csproj", "{587232CE-B146-4D99-8AF6-92322ECD4837}"
EndProject
Project("{9A19103F-16F7-4668-BE54-9A1E7A4F7556}") = "MCB.Core.Infra.CrossCutting.Cache.Redis.Tests", "tst\Core\MCB.Core.Infra.CrossCutting.Cache.Redis.Tests\MCB.Core.Infra.CrossCutting.Cache.Redis.Tests.csproj", "{46A932CD-88D8-4677-B09A-B38D7EF54FFC}"
EndProject
Project("{2150E333-8FDC-42A3-9474-1A3956D46DE8}") = "Gateway", "Gateway", "{C8BCC661-808A-4CA5-8104-953B1876F677}"
EndProject
Project("{9A19103F-16F7-4668-BE54-9A1E7A4F7556}") = "MCB.Core.Infra.CrossCutting.Gateway", "src\Core\MCB.Core.Infra.CrossCutting.Gateway\MCB.Core.Infra.CrossCutting.Gateway.csproj", "{AD578647-1D11-4EF3-A920-DDA774D81579}"
EndProject
Project("{9A19103F-16F7-4668-BE54-9A1E7A4F7556}") = "MCB.Core.Infra.CrossCutting.Gateway.Tests", "tst\Core\MCB.Core.Infra.CrossCutting.Gateway.Tests\MCB.Core.Infra.CrossCutting.Gateway.Tests.csproj", "{FCA5395B-024A-418B-98FA-F58BAE50817F}"
EndProject
Project("{2150E333-8FDC-42A3-9474-1A3956D46DE8}") = "Solution Items", "Solution Items", "{D2371882-CD87-47FB-BDD5-463703503D11}"
	ProjectSection(SolutionItems) = preProject
		global.json = global.json
	EndProjectSection
EndProject
Project("{2150E333-8FDC-42A3-9474-1A3956D46DE8}") = "Configuration", "Configuration", "{6573F9D6-1F71-48EB-B5EB-D0C59217BB33}"
EndProject
Project("{9A19103F-16F7-4668-BE54-9A1E7A4F7556}") = "MCB.Core.Infra.CrossCutting.Configuration", "src\Core\MCB.Core.Infra.CrossCutting.Configuration\MCB.Core.Infra.CrossCutting.Configuration.csproj", "{C12253B4-0E91-44F0-9449-2CB6A84D9BF0}"
EndProject
Project("{9A19103F-16F7-4668-BE54-9A1E7A4F7556}") = "MCB.Core.Infra.CrossCutting.Configuration.Tests", "tst\Core\MCB.Core.Infra.CrossCutting.Configuration.Tests\MCB.Core.Infra.CrossCutting.Configuration.Tests.csproj", "{C43E1FD8-80EB-412F-B84B-7B4C3214A8CC}"
EndProject
Project("{2150E333-8FDC-42A3-9474-1A3956D46DE8}") = "2 - Admin", "2 - Admin", "{EAA02FEA-07FF-49E5-AD59-888306169372}"
EndProject
Project("{2150E333-8FDC-42A3-9474-1A3956D46DE8}") = "1 - General", "1 - General", "{3261B960-B9BA-40C2-A36D-00BCA8E35C7A}"
EndProject
Project("{2150E333-8FDC-42A3-9474-1A3956D46DE8}") = "4 - Domain", "4 - Domain", "{66C40C02-0D1F-45D6-89E3-042659600E6F}"
EndProject
Project("{9A19103F-16F7-4668-BE54-9A1E7A4F7556}") = "MCB.Admin.Domain", "src\Admin\MCB.Admin.Domain\MCB.Admin.Domain.csproj", "{2A0D7599-7413-43FE-AC49-55C97D3232DB}"
EndProject
Project("{2150E333-8FDC-42A3-9474-1A3956D46DE8}") = "3 - Application", "3 - Application", "{17B1A4A3-083F-44B0-A970-9FFA15BACB0B}"
EndProject
Project("{9A19103F-16F7-4668-BE54-9A1E7A4F7556}") = "MCB.Admin.Application.WebApi", "src\Admin\MCB.Admin.Application.WebApi\MCB.Admin.Application.WebApi.csproj", "{738AB1A0-9817-46CC-B10C-77380451055F}"
EndProject
Project("{9A19103F-16F7-4668-BE54-9A1E7A4F7556}") = "MCB.Core.Application", "src\Core\MCB.Core.Application\MCB.Core.Application.csproj", "{444E1B9C-329E-4C30-81F9-7AE6031AB6D0}"
EndProject
Project("{9A19103F-16F7-4668-BE54-9A1E7A4F7556}") = "MCB.Core.Application.WebApi", "src\Core\MCB.Core.Application.WebApi\MCB.Core.Application.WebApi.csproj", "{124C6FA6-1FC7-485A-91AF-51708F03D10B}"
EndProject
Project("{9A19103F-16F7-4668-BE54-9A1E7A4F7556}") = "MCB.Core.Application.WebApi.ViewModels", "src\Core\MCB.Core.Application.WebApi.ViewModels\MCB.Core.Application.WebApi.ViewModels.csproj", "{AD2BF744-8ECA-4AA5-AE6B-CB8B22713327}"
EndProject
Project("{9A19103F-16F7-4668-BE54-9A1E7A4F7556}") = "MCB.Admin.Application.WebApi.ViewModels", "src\Admin\MCB.Admin.Application.WebApi.ViewModels\MCB.Admin.Application.WebApi.ViewModels.csproj", "{B31DCC29-88D1-4E5C-8924-2147C5F361B8}"
EndProject
Project("{2150E333-8FDC-42A3-9474-1A3956D46DE8}") = "2 - Services", "2 - Services", "{D3A7613C-9585-4B55-9E43-4BE4A374E163}"
EndProject
Project("{2150E333-8FDC-42A3-9474-1A3956D46DE8}") = "1 - Presentation", "1 - Presentation", "{EA4BCF12-90D5-47F0-969E-7B588E5EDE7E}"
EndProject
Project("{9A19103F-16F7-4668-BE54-9A1E7A4F7556}") = "MCB.Core.Service.WebApi", "src\Core\MCB.Core.Service.WebApi\MCB.Core.Service.WebApi.csproj", "{BA01039A-34FF-46BB-8630-09E6BE0823C3}"
EndProject
Project("{9A19103F-16F7-4668-BE54-9A1E7A4F7556}") = "MCB.Admin.Domain.Tests", "tst\Admin\MCB.Admin.Domain.Tests\MCB.Admin.Domain.Tests.csproj", "{D08028E5-C597-48E1-8469-036E4B4DB4F6}"
EndProject
Project("{2150E333-8FDC-42A3-9474-1A3956D46DE8}") = "5 - Infra", "5 - Infra", "{B67ACE5F-327C-473D-A0C8-23AFEA5F40BA}"
EndProject
Project("{2150E333-8FDC-42A3-9474-1A3956D46DE8}") = "5.2 - Infra.Data", "5.2 - Infra.Data", "{AFF1BA5A-0C57-4CF5-8A2E-CF1EE5F37173}"
EndProject
Global
	GlobalSection(SolutionConfigurationPlatforms) = preSolution
		Debug|Any CPU = Debug|Any CPU
		Release|Any CPU = Release|Any CPU
	EndGlobalSection
	GlobalSection(ProjectConfigurationPlatforms) = postSolution
		{87306B51-93E4-45D7-BF4D-954C1618DD81}.Debug|Any CPU.ActiveCfg = Debug|Any CPU
		{87306B51-93E4-45D7-BF4D-954C1618DD81}.Debug|Any CPU.Build.0 = Debug|Any CPU
		{87306B51-93E4-45D7-BF4D-954C1618DD81}.Release|Any CPU.ActiveCfg = Release|Any CPU
		{87306B51-93E4-45D7-BF4D-954C1618DD81}.Release|Any CPU.Build.0 = Release|Any CPU
		{85413CAB-078F-446E-AF38-2F2951D91E97}.Debug|Any CPU.ActiveCfg = Debug|Any CPU
		{85413CAB-078F-446E-AF38-2F2951D91E97}.Debug|Any CPU.Build.0 = Debug|Any CPU
		{85413CAB-078F-446E-AF38-2F2951D91E97}.Release|Any CPU.ActiveCfg = Release|Any CPU
		{85413CAB-078F-446E-AF38-2F2951D91E97}.Release|Any CPU.Build.0 = Release|Any CPU
		{A3CC8F83-48A0-4FA4-A604-DB009C14B1A5}.Debug|Any CPU.ActiveCfg = Debug|Any CPU
		{A3CC8F83-48A0-4FA4-A604-DB009C14B1A5}.Debug|Any CPU.Build.0 = Debug|Any CPU
		{A3CC8F83-48A0-4FA4-A604-DB009C14B1A5}.Release|Any CPU.ActiveCfg = Release|Any CPU
		{A3CC8F83-48A0-4FA4-A604-DB009C14B1A5}.Release|Any CPU.Build.0 = Release|Any CPU
		{C21B0A62-39B5-44CE-9609-C092682C12EB}.Debug|Any CPU.ActiveCfg = Debug|Any CPU
		{C21B0A62-39B5-44CE-9609-C092682C12EB}.Debug|Any CPU.Build.0 = Debug|Any CPU
		{C21B0A62-39B5-44CE-9609-C092682C12EB}.Release|Any CPU.ActiveCfg = Release|Any CPU
		{C21B0A62-39B5-44CE-9609-C092682C12EB}.Release|Any CPU.Build.0 = Release|Any CPU
		{3D48EA03-DAB7-4BCF-BAAC-DD5AEF8E6E57}.Debug|Any CPU.ActiveCfg = Debug|Any CPU
		{3D48EA03-DAB7-4BCF-BAAC-DD5AEF8E6E57}.Debug|Any CPU.Build.0 = Debug|Any CPU
		{3D48EA03-DAB7-4BCF-BAAC-DD5AEF8E6E57}.Release|Any CPU.ActiveCfg = Release|Any CPU
		{3D48EA03-DAB7-4BCF-BAAC-DD5AEF8E6E57}.Release|Any CPU.Build.0 = Release|Any CPU
		{73C5E61D-2250-4B40-B4B8-9614734B24EA}.Debug|Any CPU.ActiveCfg = Debug|Any CPU
		{73C5E61D-2250-4B40-B4B8-9614734B24EA}.Debug|Any CPU.Build.0 = Debug|Any CPU
		{73C5E61D-2250-4B40-B4B8-9614734B24EA}.Release|Any CPU.ActiveCfg = Release|Any CPU
		{73C5E61D-2250-4B40-B4B8-9614734B24EA}.Release|Any CPU.Build.0 = Release|Any CPU
		{16DAA9A8-9EEE-41E2-9DB6-4449D70E79BD}.Debug|Any CPU.ActiveCfg = Debug|Any CPU
		{16DAA9A8-9EEE-41E2-9DB6-4449D70E79BD}.Debug|Any CPU.Build.0 = Debug|Any CPU
		{16DAA9A8-9EEE-41E2-9DB6-4449D70E79BD}.Release|Any CPU.ActiveCfg = Release|Any CPU
		{16DAA9A8-9EEE-41E2-9DB6-4449D70E79BD}.Release|Any CPU.Build.0 = Release|Any CPU
		{2D1A80E4-3622-4CE8-A829-BFDABD788287}.Debug|Any CPU.ActiveCfg = Debug|Any CPU
		{2D1A80E4-3622-4CE8-A829-BFDABD788287}.Debug|Any CPU.Build.0 = Debug|Any CPU
		{2D1A80E4-3622-4CE8-A829-BFDABD788287}.Release|Any CPU.ActiveCfg = Release|Any CPU
		{2D1A80E4-3622-4CE8-A829-BFDABD788287}.Release|Any CPU.Build.0 = Release|Any CPU
		{2D91AC89-31EF-48BD-9C34-84DA8A1C9C05}.Debug|Any CPU.ActiveCfg = Debug|Any CPU
		{2D91AC89-31EF-48BD-9C34-84DA8A1C9C05}.Debug|Any CPU.Build.0 = Debug|Any CPU
		{2D91AC89-31EF-48BD-9C34-84DA8A1C9C05}.Release|Any CPU.ActiveCfg = Release|Any CPU
		{2D91AC89-31EF-48BD-9C34-84DA8A1C9C05}.Release|Any CPU.Build.0 = Release|Any CPU
		{8E552672-6D1B-4EFF-A15E-2C9EB41DA447}.Debug|Any CPU.ActiveCfg = Debug|Any CPU
		{8E552672-6D1B-4EFF-A15E-2C9EB41DA447}.Debug|Any CPU.Build.0 = Debug|Any CPU
		{8E552672-6D1B-4EFF-A15E-2C9EB41DA447}.Release|Any CPU.ActiveCfg = Release|Any CPU
		{8E552672-6D1B-4EFF-A15E-2C9EB41DA447}.Release|Any CPU.Build.0 = Release|Any CPU
		{6D46B2F6-065B-4BBA-9796-021E1DDED0ED}.Debug|Any CPU.ActiveCfg = Debug|Any CPU
		{6D46B2F6-065B-4BBA-9796-021E1DDED0ED}.Debug|Any CPU.Build.0 = Debug|Any CPU
		{6D46B2F6-065B-4BBA-9796-021E1DDED0ED}.Release|Any CPU.ActiveCfg = Release|Any CPU
		{6D46B2F6-065B-4BBA-9796-021E1DDED0ED}.Release|Any CPU.Build.0 = Release|Any CPU
		{91EE627E-E799-43CA-9B91-3A743382DB67}.Debug|Any CPU.ActiveCfg = Debug|Any CPU
		{91EE627E-E799-43CA-9B91-3A743382DB67}.Debug|Any CPU.Build.0 = Debug|Any CPU
		{91EE627E-E799-43CA-9B91-3A743382DB67}.Release|Any CPU.ActiveCfg = Release|Any CPU
		{91EE627E-E799-43CA-9B91-3A743382DB67}.Release|Any CPU.Build.0 = Release|Any CPU
		{77A12BB9-D86B-4DF0-B730-2F975D751A29}.Debug|Any CPU.ActiveCfg = Debug|Any CPU
		{77A12BB9-D86B-4DF0-B730-2F975D751A29}.Debug|Any CPU.Build.0 = Debug|Any CPU
		{77A12BB9-D86B-4DF0-B730-2F975D751A29}.Release|Any CPU.ActiveCfg = Release|Any CPU
		{77A12BB9-D86B-4DF0-B730-2F975D751A29}.Release|Any CPU.Build.0 = Release|Any CPU
		{447D943A-F933-4D2E-BF17-F319726574E7}.Debug|Any CPU.ActiveCfg = Debug|Any CPU
		{447D943A-F933-4D2E-BF17-F319726574E7}.Debug|Any CPU.Build.0 = Debug|Any CPU
		{447D943A-F933-4D2E-BF17-F319726574E7}.Release|Any CPU.ActiveCfg = Release|Any CPU
		{447D943A-F933-4D2E-BF17-F319726574E7}.Release|Any CPU.Build.0 = Release|Any CPU
		{78C1F7B6-C94B-4E88-9AA7-3797D087668B}.Debug|Any CPU.ActiveCfg = Debug|Any CPU
		{78C1F7B6-C94B-4E88-9AA7-3797D087668B}.Debug|Any CPU.Build.0 = Debug|Any CPU
		{78C1F7B6-C94B-4E88-9AA7-3797D087668B}.Release|Any CPU.ActiveCfg = Release|Any CPU
		{78C1F7B6-C94B-4E88-9AA7-3797D087668B}.Release|Any CPU.Build.0 = Release|Any CPU
		{49080845-0BCD-4698-A815-73BCE093DABF}.Debug|Any CPU.ActiveCfg = Debug|Any CPU
		{49080845-0BCD-4698-A815-73BCE093DABF}.Debug|Any CPU.Build.0 = Debug|Any CPU
		{49080845-0BCD-4698-A815-73BCE093DABF}.Release|Any CPU.ActiveCfg = Release|Any CPU
		{49080845-0BCD-4698-A815-73BCE093DABF}.Release|Any CPU.Build.0 = Release|Any CPU
		{48D4C394-BC3B-45D1-B056-0EE0CEE5C841}.Debug|Any CPU.ActiveCfg = Debug|Any CPU
		{48D4C394-BC3B-45D1-B056-0EE0CEE5C841}.Debug|Any CPU.Build.0 = Debug|Any CPU
		{48D4C394-BC3B-45D1-B056-0EE0CEE5C841}.Release|Any CPU.ActiveCfg = Release|Any CPU
		{48D4C394-BC3B-45D1-B056-0EE0CEE5C841}.Release|Any CPU.Build.0 = Release|Any CPU
		{6979A825-1C45-4980-9834-5BD027C027DB}.Debug|Any CPU.ActiveCfg = Debug|Any CPU
		{6979A825-1C45-4980-9834-5BD027C027DB}.Debug|Any CPU.Build.0 = Debug|Any CPU
		{6979A825-1C45-4980-9834-5BD027C027DB}.Release|Any CPU.ActiveCfg = Release|Any CPU
		{6979A825-1C45-4980-9834-5BD027C027DB}.Release|Any CPU.Build.0 = Release|Any CPU
		{34F970DE-99F1-4C4A-8B9E-696228716250}.Debug|Any CPU.ActiveCfg = Debug|Any CPU
		{34F970DE-99F1-4C4A-8B9E-696228716250}.Debug|Any CPU.Build.0 = Debug|Any CPU
		{34F970DE-99F1-4C4A-8B9E-696228716250}.Release|Any CPU.ActiveCfg = Release|Any CPU
		{34F970DE-99F1-4C4A-8B9E-696228716250}.Release|Any CPU.Build.0 = Release|Any CPU
		{166BFA5E-E06D-4031-84E5-E99C96F07DC4}.Debug|Any CPU.ActiveCfg = Debug|Any CPU
		{166BFA5E-E06D-4031-84E5-E99C96F07DC4}.Debug|Any CPU.Build.0 = Debug|Any CPU
		{166BFA5E-E06D-4031-84E5-E99C96F07DC4}.Release|Any CPU.ActiveCfg = Release|Any CPU
		{166BFA5E-E06D-4031-84E5-E99C96F07DC4}.Release|Any CPU.Build.0 = Release|Any CPU
		{CC4F2EC2-BC1B-44D3-9AAD-53EBBF7B68E6}.Debug|Any CPU.ActiveCfg = Debug|Any CPU
		{CC4F2EC2-BC1B-44D3-9AAD-53EBBF7B68E6}.Debug|Any CPU.Build.0 = Debug|Any CPU
		{CC4F2EC2-BC1B-44D3-9AAD-53EBBF7B68E6}.Release|Any CPU.ActiveCfg = Release|Any CPU
		{CC4F2EC2-BC1B-44D3-9AAD-53EBBF7B68E6}.Release|Any CPU.Build.0 = Release|Any CPU
		{A7B8FEF4-4E0D-4294-9624-3657DB554ACD}.Debug|Any CPU.ActiveCfg = Debug|Any CPU
		{A7B8FEF4-4E0D-4294-9624-3657DB554ACD}.Debug|Any CPU.Build.0 = Debug|Any CPU
		{A7B8FEF4-4E0D-4294-9624-3657DB554ACD}.Release|Any CPU.ActiveCfg = Release|Any CPU
		{A7B8FEF4-4E0D-4294-9624-3657DB554ACD}.Release|Any CPU.Build.0 = Release|Any CPU
		{11AAF977-B0B1-41F8-AC0F-A65F2E1D1F70}.Debug|Any CPU.ActiveCfg = Debug|Any CPU
		{11AAF977-B0B1-41F8-AC0F-A65F2E1D1F70}.Debug|Any CPU.Build.0 = Debug|Any CPU
		{11AAF977-B0B1-41F8-AC0F-A65F2E1D1F70}.Release|Any CPU.ActiveCfg = Release|Any CPU
		{11AAF977-B0B1-41F8-AC0F-A65F2E1D1F70}.Release|Any CPU.Build.0 = Release|Any CPU
		{4B4ED73B-C1C1-437A-80AE-7A7D25DFD727}.Debug|Any CPU.ActiveCfg = Debug|Any CPU
		{4B4ED73B-C1C1-437A-80AE-7A7D25DFD727}.Debug|Any CPU.Build.0 = Debug|Any CPU
		{4B4ED73B-C1C1-437A-80AE-7A7D25DFD727}.Release|Any CPU.ActiveCfg = Release|Any CPU
		{4B4ED73B-C1C1-437A-80AE-7A7D25DFD727}.Release|Any CPU.Build.0 = Release|Any CPU
		{A20AAD27-864A-4BE8-83A7-D7F4449C058F}.Debug|Any CPU.ActiveCfg = Debug|Any CPU
		{A20AAD27-864A-4BE8-83A7-D7F4449C058F}.Debug|Any CPU.Build.0 = Debug|Any CPU
		{A20AAD27-864A-4BE8-83A7-D7F4449C058F}.Release|Any CPU.ActiveCfg = Release|Any CPU
		{A20AAD27-864A-4BE8-83A7-D7F4449C058F}.Release|Any CPU.Build.0 = Release|Any CPU
		{FC1B4789-6D5A-454B-86B4-DBBC5B4AC74B}.Debug|Any CPU.ActiveCfg = Debug|Any CPU
		{FC1B4789-6D5A-454B-86B4-DBBC5B4AC74B}.Debug|Any CPU.Build.0 = Debug|Any CPU
		{FC1B4789-6D5A-454B-86B4-DBBC5B4AC74B}.Release|Any CPU.ActiveCfg = Release|Any CPU
		{FC1B4789-6D5A-454B-86B4-DBBC5B4AC74B}.Release|Any CPU.Build.0 = Release|Any CPU
		{1C62DEC4-BF19-4E67-BE45-48628F5779CF}.Debug|Any CPU.ActiveCfg = Debug|Any CPU
		{1C62DEC4-BF19-4E67-BE45-48628F5779CF}.Debug|Any CPU.Build.0 = Debug|Any CPU
		{1C62DEC4-BF19-4E67-BE45-48628F5779CF}.Release|Any CPU.ActiveCfg = Release|Any CPU
		{1C62DEC4-BF19-4E67-BE45-48628F5779CF}.Release|Any CPU.Build.0 = Release|Any CPU
		{587232CE-B146-4D99-8AF6-92322ECD4837}.Debug|Any CPU.ActiveCfg = Debug|Any CPU
		{587232CE-B146-4D99-8AF6-92322ECD4837}.Debug|Any CPU.Build.0 = Debug|Any CPU
		{587232CE-B146-4D99-8AF6-92322ECD4837}.Release|Any CPU.ActiveCfg = Release|Any CPU
		{587232CE-B146-4D99-8AF6-92322ECD4837}.Release|Any CPU.Build.0 = Release|Any CPU
		{46A932CD-88D8-4677-B09A-B38D7EF54FFC}.Debug|Any CPU.ActiveCfg = Debug|Any CPU
		{46A932CD-88D8-4677-B09A-B38D7EF54FFC}.Debug|Any CPU.Build.0 = Debug|Any CPU
		{46A932CD-88D8-4677-B09A-B38D7EF54FFC}.Release|Any CPU.ActiveCfg = Release|Any CPU
		{46A932CD-88D8-4677-B09A-B38D7EF54FFC}.Release|Any CPU.Build.0 = Release|Any CPU
		{AD578647-1D11-4EF3-A920-DDA774D81579}.Debug|Any CPU.ActiveCfg = Debug|Any CPU
		{AD578647-1D11-4EF3-A920-DDA774D81579}.Debug|Any CPU.Build.0 = Debug|Any CPU
		{AD578647-1D11-4EF3-A920-DDA774D81579}.Release|Any CPU.ActiveCfg = Release|Any CPU
		{AD578647-1D11-4EF3-A920-DDA774D81579}.Release|Any CPU.Build.0 = Release|Any CPU
		{FCA5395B-024A-418B-98FA-F58BAE50817F}.Debug|Any CPU.ActiveCfg = Debug|Any CPU
		{FCA5395B-024A-418B-98FA-F58BAE50817F}.Debug|Any CPU.Build.0 = Debug|Any CPU
		{FCA5395B-024A-418B-98FA-F58BAE50817F}.Release|Any CPU.ActiveCfg = Release|Any CPU
		{FCA5395B-024A-418B-98FA-F58BAE50817F}.Release|Any CPU.Build.0 = Release|Any CPU
		{C12253B4-0E91-44F0-9449-2CB6A84D9BF0}.Debug|Any CPU.ActiveCfg = Debug|Any CPU
		{C12253B4-0E91-44F0-9449-2CB6A84D9BF0}.Debug|Any CPU.Build.0 = Debug|Any CPU
		{C12253B4-0E91-44F0-9449-2CB6A84D9BF0}.Release|Any CPU.ActiveCfg = Release|Any CPU
		{C12253B4-0E91-44F0-9449-2CB6A84D9BF0}.Release|Any CPU.Build.0 = Release|Any CPU
		{C43E1FD8-80EB-412F-B84B-7B4C3214A8CC}.Debug|Any CPU.ActiveCfg = Debug|Any CPU
		{C43E1FD8-80EB-412F-B84B-7B4C3214A8CC}.Debug|Any CPU.Build.0 = Debug|Any CPU
		{C43E1FD8-80EB-412F-B84B-7B4C3214A8CC}.Release|Any CPU.ActiveCfg = Release|Any CPU
		{C43E1FD8-80EB-412F-B84B-7B4C3214A8CC}.Release|Any CPU.Build.0 = Release|Any CPU
		{2A0D7599-7413-43FE-AC49-55C97D3232DB}.Debug|Any CPU.ActiveCfg = Debug|Any CPU
		{2A0D7599-7413-43FE-AC49-55C97D3232DB}.Debug|Any CPU.Build.0 = Debug|Any CPU
		{2A0D7599-7413-43FE-AC49-55C97D3232DB}.Release|Any CPU.ActiveCfg = Release|Any CPU
		{2A0D7599-7413-43FE-AC49-55C97D3232DB}.Release|Any CPU.Build.0 = Release|Any CPU
		{738AB1A0-9817-46CC-B10C-77380451055F}.Debug|Any CPU.ActiveCfg = Debug|Any CPU
		{738AB1A0-9817-46CC-B10C-77380451055F}.Debug|Any CPU.Build.0 = Debug|Any CPU
		{738AB1A0-9817-46CC-B10C-77380451055F}.Release|Any CPU.ActiveCfg = Release|Any CPU
		{738AB1A0-9817-46CC-B10C-77380451055F}.Release|Any CPU.Build.0 = Release|Any CPU
		{444E1B9C-329E-4C30-81F9-7AE6031AB6D0}.Debug|Any CPU.ActiveCfg = Debug|Any CPU
		{444E1B9C-329E-4C30-81F9-7AE6031AB6D0}.Debug|Any CPU.Build.0 = Debug|Any CPU
		{444E1B9C-329E-4C30-81F9-7AE6031AB6D0}.Release|Any CPU.ActiveCfg = Release|Any CPU
		{444E1B9C-329E-4C30-81F9-7AE6031AB6D0}.Release|Any CPU.Build.0 = Release|Any CPU
		{124C6FA6-1FC7-485A-91AF-51708F03D10B}.Debug|Any CPU.ActiveCfg = Debug|Any CPU
		{124C6FA6-1FC7-485A-91AF-51708F03D10B}.Debug|Any CPU.Build.0 = Debug|Any CPU
		{124C6FA6-1FC7-485A-91AF-51708F03D10B}.Release|Any CPU.ActiveCfg = Release|Any CPU
		{124C6FA6-1FC7-485A-91AF-51708F03D10B}.Release|Any CPU.Build.0 = Release|Any CPU
		{AD2BF744-8ECA-4AA5-AE6B-CB8B22713327}.Debug|Any CPU.ActiveCfg = Debug|Any CPU
		{AD2BF744-8ECA-4AA5-AE6B-CB8B22713327}.Debug|Any CPU.Build.0 = Debug|Any CPU
		{AD2BF744-8ECA-4AA5-AE6B-CB8B22713327}.Release|Any CPU.ActiveCfg = Release|Any CPU
		{AD2BF744-8ECA-4AA5-AE6B-CB8B22713327}.Release|Any CPU.Build.0 = Release|Any CPU
		{B31DCC29-88D1-4E5C-8924-2147C5F361B8}.Debug|Any CPU.ActiveCfg = Debug|Any CPU
		{B31DCC29-88D1-4E5C-8924-2147C5F361B8}.Debug|Any CPU.Build.0 = Debug|Any CPU
		{B31DCC29-88D1-4E5C-8924-2147C5F361B8}.Release|Any CPU.ActiveCfg = Release|Any CPU
		{B31DCC29-88D1-4E5C-8924-2147C5F361B8}.Release|Any CPU.Build.0 = Release|Any CPU
		{BA01039A-34FF-46BB-8630-09E6BE0823C3}.Debug|Any CPU.ActiveCfg = Debug|Any CPU
		{BA01039A-34FF-46BB-8630-09E6BE0823C3}.Debug|Any CPU.Build.0 = Debug|Any CPU
		{BA01039A-34FF-46BB-8630-09E6BE0823C3}.Release|Any CPU.ActiveCfg = Release|Any CPU
		{BA01039A-34FF-46BB-8630-09E6BE0823C3}.Release|Any CPU.Build.0 = Release|Any CPU
		{D08028E5-C597-48E1-8469-036E4B4DB4F6}.Debug|Any CPU.ActiveCfg = Debug|Any CPU
		{D08028E5-C597-48E1-8469-036E4B4DB4F6}.Debug|Any CPU.Build.0 = Debug|Any CPU
		{D08028E5-C597-48E1-8469-036E4B4DB4F6}.Release|Any CPU.ActiveCfg = Release|Any CPU
		{D08028E5-C597-48E1-8469-036E4B4DB4F6}.Release|Any CPU.Build.0 = Release|Any CPU
	EndGlobalSection
	GlobalSection(SolutionProperties) = preSolution
		HideSolutionNode = FALSE
	EndGlobalSection
	GlobalSection(NestedProjects) = preSolution
		{B60BFFFC-7A8B-4243-82BF-820598A88A74} = {D68FE277-30F1-45E2-8534-5F261F7DAFA4}
		{28B11311-26E4-40EF-8CDF-42DBF9DC4653} = {D68FE277-30F1-45E2-8534-5F261F7DAFA4}
		{39228BB5-7710-4CE9-9FAC-E6DD58B621ED} = {D68FE277-30F1-45E2-8534-5F261F7DAFA4}
		{E62A6B3F-C2D6-431B-8B7F-3DEF18D391E6} = {D68FE277-30F1-45E2-8534-5F261F7DAFA4}
		{0C9A9EDB-CEE4-4F6A-876F-C97BB3CFF849} = {D68FE277-30F1-45E2-8534-5F261F7DAFA4}
		{E42CB6D2-417C-442A-96F9-DFDF3A5F6455} = {E62A6B3F-C2D6-431B-8B7F-3DEF18D391E6}
		{87306B51-93E4-45D7-BF4D-954C1618DD81} = {3AE62ADD-5DFF-4668-A831-C56958E72C58}
		{3AE62ADD-5DFF-4668-A831-C56958E72C58} = {E42CB6D2-417C-442A-96F9-DFDF3A5F6455}
		{565236FC-4225-4913-938A-917E740C3483} = {E42CB6D2-417C-442A-96F9-DFDF3A5F6455}
		{85413CAB-078F-446E-AF38-2F2951D91E97} = {565236FC-4225-4913-938A-917E740C3483}
		{A3CC8F83-48A0-4FA4-A604-DB009C14B1A5} = {3AE62ADD-5DFF-4668-A831-C56958E72C58}
		{B9E514C8-0119-463D-B629-9A7F9BC0D8F3} = {E42CB6D2-417C-442A-96F9-DFDF3A5F6455}
		{C21B0A62-39B5-44CE-9609-C092682C12EB} = {B9E514C8-0119-463D-B629-9A7F9BC0D8F3}
		{3D48EA03-DAB7-4BCF-BAAC-DD5AEF8E6E57} = {B9E514C8-0119-463D-B629-9A7F9BC0D8F3}
		{73C5E61D-2250-4B40-B4B8-9614734B24EA} = {B9E514C8-0119-463D-B629-9A7F9BC0D8F3}
		{1B759B45-3910-4C4D-A00B-43EE81F13F43} = {E42CB6D2-417C-442A-96F9-DFDF3A5F6455}
		{16DAA9A8-9EEE-41E2-9DB6-4449D70E79BD} = {1B759B45-3910-4C4D-A00B-43EE81F13F43}
		{16533AFE-E5AF-45C5-8D04-97443AD8036B} = {E42CB6D2-417C-442A-96F9-DFDF3A5F6455}
		{2D1A80E4-3622-4CE8-A829-BFDABD788287} = {16533AFE-E5AF-45C5-8D04-97443AD8036B}
		{2D91AC89-31EF-48BD-9C34-84DA8A1C9C05} = {16533AFE-E5AF-45C5-8D04-97443AD8036B}
		{E3E26800-D4C6-4F2E-AA42-A969462A929D} = {E42CB6D2-417C-442A-96F9-DFDF3A5F6455}
		{8E552672-6D1B-4EFF-A15E-2C9EB41DA447} = {1B759B45-3910-4C4D-A00B-43EE81F13F43}
		{6D46B2F6-065B-4BBA-9796-021E1DDED0ED} = {E3E26800-D4C6-4F2E-AA42-A969462A929D}
		{91EE627E-E799-43CA-9B91-3A743382DB67} = {E3E26800-D4C6-4F2E-AA42-A969462A929D}
		{77A12BB9-D86B-4DF0-B730-2F975D751A29} = {E3E26800-D4C6-4F2E-AA42-A969462A929D}
		{447D943A-F933-4D2E-BF17-F319726574E7} = {E3E26800-D4C6-4F2E-AA42-A969462A929D}
		{78C1F7B6-C94B-4E88-9AA7-3797D087668B} = {E3E26800-D4C6-4F2E-AA42-A969462A929D}
		{09ED8E5D-38BD-4ECB-9628-1EE695F654AF} = {E42CB6D2-417C-442A-96F9-DFDF3A5F6455}
		{49080845-0BCD-4698-A815-73BCE093DABF} = {09ED8E5D-38BD-4ECB-9628-1EE695F654AF}
		{48D4C394-BC3B-45D1-B056-0EE0CEE5C841} = {09ED8E5D-38BD-4ECB-9628-1EE695F654AF}
		{8FB6B087-834C-4509-B4AB-128F719D9F40} = {E62A6B3F-C2D6-431B-8B7F-3DEF18D391E6}
		{6979A825-1C45-4980-9834-5BD027C027DB} = {B60BFFFC-7A8B-4243-82BF-820598A88A74}
		{34F970DE-99F1-4C4A-8B9E-696228716250} = {8FB6B087-834C-4509-B4AB-128F719D9F40}
		{166BFA5E-E06D-4031-84E5-E99C96F07DC4} = {8FB6B087-834C-4509-B4AB-128F719D9F40}
		{CC4F2EC2-BC1B-44D3-9AAD-53EBBF7B68E6} = {8FB6B087-834C-4509-B4AB-128F719D9F40}
		{6D4C1050-608B-4855-A6D1-BFA8805390CA} = {E42CB6D2-417C-442A-96F9-DFDF3A5F6455}
		{A7B8FEF4-4E0D-4294-9624-3657DB554ACD} = {6D4C1050-608B-4855-A6D1-BFA8805390CA}
		{11AAF977-B0B1-41F8-AC0F-A65F2E1D1F70} = {8FB6B087-834C-4509-B4AB-128F719D9F40}
		{4B4ED73B-C1C1-437A-80AE-7A7D25DFD727} = {8FB6B087-834C-4509-B4AB-128F719D9F40}
		{A20AAD27-864A-4BE8-83A7-D7F4449C058F} = {8FB6B087-834C-4509-B4AB-128F719D9F40}
		{FC1B4789-6D5A-454B-86B4-DBBC5B4AC74B} = {8FB6B087-834C-4509-B4AB-128F719D9F40}
		{1C62DEC4-BF19-4E67-BE45-48628F5779CF} = {8FB6B087-834C-4509-B4AB-128F719D9F40}
		{587232CE-B146-4D99-8AF6-92322ECD4837} = {B9E514C8-0119-463D-B629-9A7F9BC0D8F3}
		{46A932CD-88D8-4677-B09A-B38D7EF54FFC} = {B9E514C8-0119-463D-B629-9A7F9BC0D8F3}
		{C8BCC661-808A-4CA5-8104-953B1876F677} = {E42CB6D2-417C-442A-96F9-DFDF3A5F6455}
		{AD578647-1D11-4EF3-A920-DDA774D81579} = {C8BCC661-808A-4CA5-8104-953B1876F677}
		{FCA5395B-024A-418B-98FA-F58BAE50817F} = {C8BCC661-808A-4CA5-8104-953B1876F677}
		{6573F9D6-1F71-48EB-B5EB-D0C59217BB33} = {E42CB6D2-417C-442A-96F9-DFDF3A5F6455}
		{C12253B4-0E91-44F0-9449-2CB6A84D9BF0} = {6573F9D6-1F71-48EB-B5EB-D0C59217BB33}
		{C43E1FD8-80EB-412F-B84B-7B4C3214A8CC} = {6573F9D6-1F71-48EB-B5EB-D0C59217BB33}
		{3261B960-B9BA-40C2-A36D-00BCA8E35C7A} = {EAA02FEA-07FF-49E5-AD59-888306169372}
		{66C40C02-0D1F-45D6-89E3-042659600E6F} = {3261B960-B9BA-40C2-A36D-00BCA8E35C7A}
		{2A0D7599-7413-43FE-AC49-55C97D3232DB} = {66C40C02-0D1F-45D6-89E3-042659600E6F}
		{17B1A4A3-083F-44B0-A970-9FFA15BACB0B} = {3261B960-B9BA-40C2-A36D-00BCA8E35C7A}
		{738AB1A0-9817-46CC-B10C-77380451055F} = {17B1A4A3-083F-44B0-A970-9FFA15BACB0B}
		{444E1B9C-329E-4C30-81F9-7AE6031AB6D0} = {28B11311-26E4-40EF-8CDF-42DBF9DC4653}
		{124C6FA6-1FC7-485A-91AF-51708F03D10B} = {28B11311-26E4-40EF-8CDF-42DBF9DC4653}
		{AD2BF744-8ECA-4AA5-AE6B-CB8B22713327} = {28B11311-26E4-40EF-8CDF-42DBF9DC4653}
		{B31DCC29-88D1-4E5C-8924-2147C5F361B8} = {17B1A4A3-083F-44B0-A970-9FFA15BACB0B}
		{D3A7613C-9585-4B55-9E43-4BE4A374E163} = {3261B960-B9BA-40C2-A36D-00BCA8E35C7A}
		{EA4BCF12-90D5-47F0-969E-7B588E5EDE7E} = {3261B960-B9BA-40C2-A36D-00BCA8E35C7A}
		{BA01039A-34FF-46BB-8630-09E6BE0823C3} = {39228BB5-7710-4CE9-9FAC-E6DD58B621ED}
		{D08028E5-C597-48E1-8469-036E4B4DB4F6} = {66C40C02-0D1F-45D6-89E3-042659600E6F}
		{B67ACE5F-327C-473D-A0C8-23AFEA5F40BA} = {3261B960-B9BA-40C2-A36D-00BCA8E35C7A}
		{AFF1BA5A-0C57-4CF5-8A2E-CF1EE5F37173} = {B67ACE5F-327C-473D-A0C8-23AFEA5F40BA}
	EndGlobalSection
	GlobalSection(ExtensibilityGlobals) = postSolution
		SolutionGuid = {A21FA390-CF0D-45A7-A735-BFB11EE84D1B}
	EndGlobalSection
EndGlobal
